
Microsoft Visual Studio Solution File, Format Version 12.00
# Visual Studio Version 17
VisualStudioVersion = 17.11.35219.272
MinimumVisualStudioVersion = 10.0.40219.1
Project("{8BC9CEB8-8B4A-11D0-8D11-00A0C91BC942}") = "Hello World", "Hello World.vcxproj", "{69216D9A-8EDD-44F9-B5BA-7AE4A288CE7A}"
EndProject
Global
	GlobalSection(SolutionConfigurationPlatforms) = preSolution
		Debug|x64 = Debug|x64
		Debug|x86 = Debug|x86
		Release|x64 = Release|x64
		Release|x86 = Release|x86
	EndGlobalSection
	GlobalSection(ProjectConfigurationPlatforms) = postSolution
		{69216D9A-8EDD-44F9-B5BA-7AE4A288CE7A}.Debug|x64.ActiveCfg = Debug|x64
		{69216D9A-8EDD-44F9-B5BA-7AE4A288CE7A}.Debug|x64.Build.0 = Debug|x64
		{69216D9A-8EDD-44F9-B5BA-7AE4A288CE7A}.Debug|x86.ActiveCfg = Debug|Win32
		{69216D9A-8EDD-44F9-B5BA-7AE4A288CE7A}.Debug|x86.Build.0 = Debug|Win32
		{69216D9A-8EDD-44F9-B5BA-7AE4A288CE7A}.Release|x64.ActiveCfg = Release|x64
		{69216D9A-8EDD-44F9-B5BA-7AE4A288CE7A}.Release|x64.Build.0 = Release|x64
		{69216D9A-8EDD-44F9-B5BA-7AE4A288CE7A}.Release|x86.ActiveCfg = Release|Win32
		{69216D9A-8EDD-44F9-B5BA-7AE4A288CE7A}.Release|x86.Build.0 = Release|Win32
	EndGlobalSection
	GlobalSection(SolutionProperties) = preSolution
		HideSolutionNode = FALSE
	EndGlobalSection
	GlobalSection(ExtensibilityGlobals) = postSolution
		SolutionGuid = {ABCCC3DB-84F9-4FB0-8274-1CEE6A52CE87}
	EndGlobalSection
EndGlobal
